
Microsoft Visual Studio Solution File, Format Version 12.00
# Visual Studio Version 17
VisualStudioVersion = 17.7.34024.191
MinimumVisualStudioVersion = 10.0.40219.1
Project("{FAE04EC0-301F-11D3-BF4B-00C04F79EFBC}") = "CRUDApps.DataAccess.EF.SutoStudio", "CRUDApps.DataAccess.EF.SutoStudio\CRUDApps.DataAccess.EF.SutoStudio.csproj", "{79A381ED-B25E-4B49-87DD-FE2E07750C40}"
EndProject
Project("{9A19103F-16F7-4668-BE54-9A1E7A4F7556}") = "MVCSutoGameStudio.App", "MVCSutoGameStudio.App\MVCSutoGameStudio.App.csproj", "{767896CC-7B87-4793-AF88-ADCBAA31E52D}"
EndProject
Global
	GlobalSection(SolutionConfigurationPlatforms) = preSolution
		Debug|Any CPU = Debug|Any CPU
		Release|Any CPU = Release|Any CPU
	EndGlobalSection
	GlobalSection(ProjectConfigurationPlatforms) = postSolution
		{79A381ED-B25E-4B49-87DD-FE2E07750C40}.Debug|Any CPU.ActiveCfg = Debug|Any CPU
		{79A381ED-B25E-4B49-87DD-FE2E07750C40}.Debug|Any CPU.Build.0 = Debug|Any CPU
		{79A381ED-B25E-4B49-87DD-FE2E07750C40}.Release|Any CPU.ActiveCfg = Release|Any CPU
		{79A381ED-B25E-4B49-87DD-FE2E07750C40}.Release|Any CPU.Build.0 = Release|Any CPU
		{767896CC-7B87-4793-AF88-ADCBAA31E52D}.Debug|Any CPU.ActiveCfg = Debug|Any CPU
		{767896CC-7B87-4793-AF88-ADCBAA31E52D}.Debug|Any CPU.Build.0 = Debug|Any CPU
		{767896CC-7B87-4793-AF88-ADCBAA31E52D}.Release|Any CPU.ActiveCfg = Release|Any CPU
		{767896CC-7B87-4793-AF88-ADCBAA31E52D}.Release|Any CPU.Build.0 = Release|Any CPU
	EndGlobalSection
	GlobalSection(SolutionProperties) = preSolution
		HideSolutionNode = FALSE
	EndGlobalSection
	GlobalSection(ExtensibilityGlobals) = postSolution
		SolutionGuid = {58DE95F1-E480-45E2-8614-A1EC22C3B897}
	EndGlobalSection
EndGlobal
